
Microsoft Visual Studio Solution File, Format Version 12.00
# Visual Studio Version 16
VisualStudioVersion = 16.0.32002.261
MinimumVisualStudioVersion = 10.0.40219.1
Project("{FAE04EC0-301F-11D3-BF4B-00C04F79EFBC}") = "ATMApp", "ATMApp\ATMApp.csproj", "{81E05E48-D625-4FCE-8D7F-ED8D679E0DAE}"
EndProject
Project("{FAE04EC0-301F-11D3-BF4B-00C04F79EFBC}") = "ATMLib", "ATMLib\ATMLib.csproj", "{D47DDE3A-FF82-49E7-9802-E9CB57BC9107}"
EndProject
Global
	GlobalSection(SolutionConfigurationPlatforms) = preSolution
		Debug|Any CPU = Debug|Any CPU
		Release|Any CPU = Release|Any CPU
	EndGlobalSection
	GlobalSection(ProjectConfigurationPlatforms) = postSolution
		{81E05E48-D625-4FCE-8D7F-ED8D679E0DAE}.Debug|Any CPU.ActiveCfg = Debug|Any CPU
		{81E05E48-D625-4FCE-8D7F-ED8D679E0DAE}.Debug|Any CPU.Build.0 = Debug|Any CPU
		{81E05E48-D625-4FCE-8D7F-ED8D679E0DAE}.Release|Any CPU.ActiveCfg = Release|Any CPU
		{81E05E48-D625-4FCE-8D7F-ED8D679E0DAE}.Release|Any CPU.Build.0 = Release|Any CPU
		{D47DDE3A-FF82-49E7-9802-E9CB57BC9107}.Debug|Any CPU.ActiveCfg = Debug|Any CPU
		{D47DDE3A-FF82-49E7-9802-E9CB57BC9107}.Debug|Any CPU.Build.0 = Debug|Any CPU
		{D47DDE3A-FF82-49E7-9802-E9CB57BC9107}.Release|Any CPU.ActiveCfg = Release|Any CPU
		{D47DDE3A-FF82-49E7-9802-E9CB57BC9107}.Release|Any CPU.Build.0 = Release|Any CPU
	EndGlobalSection
	GlobalSection(SolutionProperties) = preSolution
		HideSolutionNode = FALSE
	EndGlobalSection
	GlobalSection(ExtensibilityGlobals) = postSolution
		SolutionGuid = {CBD88627-83B1-4FFF-925C-F6E2E9A6DD9E}
	EndGlobalSection
EndGlobal
