
Microsoft Visual Studio Solution File, Format Version 12.00
# Visual Studio Version 16
VisualStudioVersion = 16.0.32002.261
MinimumVisualStudioVersion = 10.0.40219.1
Project("{9A19103F-16F7-4668-BE54-9A1E7A4F7556}") = "BankLib", "BankLib\BankLib.csproj", "{0FB81B68-3535-4DB2-8548-CEF92847C213}"
EndProject
Project("{9A19103F-16F7-4668-BE54-9A1E7A4F7556}") = "BankApp", "BankApp\BankApp.csproj", "{3160D29B-48A7-4669-AD72-5BF93A148983}"
EndProject
Global
	GlobalSection(SolutionConfigurationPlatforms) = preSolution
		Debug|Any CPU = Debug|Any CPU
		Release|Any CPU = Release|Any CPU
	EndGlobalSection
	GlobalSection(ProjectConfigurationPlatforms) = postSolution
		{0FB81B68-3535-4DB2-8548-CEF92847C213}.Debug|Any CPU.ActiveCfg = Debug|Any CPU
		{0FB81B68-3535-4DB2-8548-CEF92847C213}.Debug|Any CPU.Build.0 = Debug|Any CPU
		{0FB81B68-3535-4DB2-8548-CEF92847C213}.Release|Any CPU.ActiveCfg = Release|Any CPU
		{0FB81B68-3535-4DB2-8548-CEF92847C213}.Release|Any CPU.Build.0 = Release|Any CPU
		{3160D29B-48A7-4669-AD72-5BF93A148983}.Debug|Any CPU.ActiveCfg = Debug|Any CPU
		{3160D29B-48A7-4669-AD72-5BF93A148983}.Debug|Any CPU.Build.0 = Debug|Any CPU
		{3160D29B-48A7-4669-AD72-5BF93A148983}.Release|Any CPU.ActiveCfg = Release|Any CPU
		{3160D29B-48A7-4669-AD72-5BF93A148983}.Release|Any CPU.Build.0 = Release|Any CPU
	EndGlobalSection
	GlobalSection(SolutionProperties) = preSolution
		HideSolutionNode = FALSE
	EndGlobalSection
	GlobalSection(ExtensibilityGlobals) = postSolution
		SolutionGuid = {CBD88627-83B1-4FFF-925C-F6E2E9A6DD9E}
	EndGlobalSection
EndGlobal
